<?xml version="1.0" encoding="utf-8"?>
<Project ToolsVersion="4.0" xmlns="http://schemas.microsoft.com/developer/msbuild/2003">
  <ItemGroup>
    <ClCompile Include="..\dependencies\imgui\imgui.cpp" />
    <ClCompile Include="..\dependencies\imgui\imgui_demo.cpp" />
    <ClCompile Include="..\dependencies\imgui\imgui_draw.cpp" />
    <ClCompile Include="..\dependencies\imgui\imgui_impl_glfw.cpp" />
    <ClCompile Include="..\dependencies\imgui\imgui_impl_opengl3.cpp" />
    <ClCompile Include="..\dependencies\imgui\imgui_tables.cpp" />
    <ClCompile Include="..\dependencies\imgui\imgui_widgets.cpp" />
    <ClCompile Include="src\EngineManager.cpp" />
    <ClCompile Include="src\GameTime.cpp" />
    <ClCompile Include="src\LayerStack.cpp" />
    <ClCompile Include="src\Layer.cpp" />
    <ClCompile Include="src\JsonLoader.cpp" />
    <ClCompile Include="src\GameObject.cpp" />
    <ClCompile Include="src\QuackCallbacks.cpp" />
    <ClCompile Include="src\KeyboardClass.cpp" />
    <ClCompile Include="src\KeyEvent.cpp" />
    <ClCompile Include="src\OrthographicCamera.cpp" />
    <ClCompile Include="src\Quack.cpp" />
    <ClCompile Include="src\Shader.cpp" />
    <ClCompile Include="src\IndexBuffer.cpp" />
    <ClCompile Include="src\Application.cpp" />
    <ClCompile Include="src\Log.cpp" />
    <ClCompile Include="src\stb_image\stb_image.cpp" />
    <ClCompile Include="src\VertexArray.cpp" />
    <ClCompile Include="src\VertexBuffer.cpp" />
    <ClCompile Include="src\VertexBufferLayout.cpp" />
    <ClCompile Include="src\Window.cpp" />
    <ClCompile Include="src\Texture.cpp" />
    <ClCompile Include="src\UIRenderer.cpp" />
    <ClCompile Include="src\UILayer.cpp" />
    <ClCompile Include="src\Animate.cpp" />
    <ClCompile Include="src\IdkYet\Component.cpp" />
    <ClCompile Include="src\IdkYet\Transform.cpp" />
    <ClCompile Include="src\IdkYet\Actor.cpp" />
    <ClCompile Include="src\IdkYet\Game.cpp" />
  </ItemGroup>
  <ItemGroup>
    <ClInclude Include="src\EngineManager.h" />
    <ClInclude Include="src\GameTime.h" />
    <ClInclude Include="src\LayerStack.h" />
    <ClInclude Include="src\Layer.h" />
    <ClInclude Include="src\JsonLoader.h" />
    <ClInclude Include="src\GameObject.h" />
    <ClInclude Include="src\json.h" />
    <ClInclude Include="src\QuackCallbacks.h" />
    <ClInclude Include="src\KeyboardClass.h" />
    <ClInclude Include="src\KeyEvent.h" />
    <ClInclude Include="src\OrthographicCamera.h" />
    <ClInclude Include="src\Quack.h" />
    <ClInclude Include="src\Shader.h" />
    <ClInclude Include="src\IndexBuffer.h" />
    <ClInclude Include="src\BasicIncludes.h" />
    <ClInclude Include="src\Log.h" />
    <ClInclude Include="src\stb_image\stb_image.h" />
    <ClInclude Include="src\VertexArray.h" />
    <ClInclude Include="src\VertexBuffer.h" />
    <ClInclude Include="src\VertexBufferLayout.h" />
    <ClInclude Include="src\Window.h" />
    <ClInclude Include="src\Texture.h" />
    <ClInclude Include="src\UIRenderer.h" />
    <ClInclude Include="src\UILayer.h" />
    <ClInclude Include="src\Animate.h" />
    <ClInclude Include="src\QuackPhysics.h" />
    <ClInclude Include="src\IdkYet\Component.h" />
    <ClInclude Include="src\IdkYet\Transform.h" />
    <ClInclude Include="src\IdkYet\Actor.h" />
    <ClInclude Include="src\IdkYet\Game.h" />
  </ItemGroup>
  <ItemGroup>
    <Image Include="res\textures\blue.png" />
    <Image Include="res\textures\duck.png" />
    <Image Include="res\textures\test sheet.jpg" />
    <Image Include="res\textures\test sheet.png" />
    <Image Include="res\textures\twist.png" />
    <Image Include="res\textures\twist2.png" />
    <Image Include="res\textures\duck2.png" />
  </ItemGroup>
  <ItemGroup>
    <None Include="imgui.ini" />
    <None Include="res\shaders\basic.shader" />
    <None Include="res\shaders\3Dbasic.shader" />
    <None Include="res\textures\test sheet.png~" />
    <None Include="shaders\basic.shader" />
  </ItemGroup>
</Project>